
Microsoft Visual Studio Solution File, Format Version 12.00
# Visual Studio Version 17
VisualStudioVersion = 17.0.31903.59
MinimumVisualStudioVersion = 10.0.40219.1
Project("{FAE04EC0-301F-11D3-BF4B-00C04F79EFBC}") = "GeocodingService", "GeocodingService\GeocodingService.csproj", "{DF349816-6128-4F5F-856F-D232311427D8}"
EndProject
Project("{FAE04EC0-301F-11D3-BF4B-00C04F79EFBC}") = "WeatherForecastService", "WeatherForecastService\WeatherForecastService.csproj", "{D19561E3-8596-4B81-9536-D089E650CC0E}"
EndProject
Global
	GlobalSection(SolutionConfigurationPlatforms) = preSolution
		Debug|Any CPU = Debug|Any CPU
		Release|Any CPU = Release|Any CPU
	EndGlobalSection
	GlobalSection(SolutionProperties) = preSolution
		HideSolutionNode = FALSE
	EndGlobalSection
	GlobalSection(ProjectConfigurationPlatforms) = postSolution
		{DF349816-6128-4F5F-856F-D232311427D8}.Debug|Any CPU.ActiveCfg = Debug|Any CPU
		{DF349816-6128-4F5F-856F-D232311427D8}.Debug|Any CPU.Build.0 = Debug|Any CPU
		{DF349816-6128-4F5F-856F-D232311427D8}.Release|Any CPU.ActiveCfg = Release|Any CPU
		{DF349816-6128-4F5F-856F-D232311427D8}.Release|Any CPU.Build.0 = Release|Any CPU
		{D19561E3-8596-4B81-9536-D089E650CC0E}.Debug|Any CPU.ActiveCfg = Debug|Any CPU
		{D19561E3-8596-4B81-9536-D089E650CC0E}.Debug|Any CPU.Build.0 = Debug|Any CPU
		{D19561E3-8596-4B81-9536-D089E650CC0E}.Release|Any CPU.ActiveCfg = Release|Any CPU
		{D19561E3-8596-4B81-9536-D089E650CC0E}.Release|Any CPU.Build.0 = Release|Any CPU
	EndGlobalSection
EndGlobal
